
Microsoft Visual Studio Solution File, Format Version 12.00
# Visual Studio Version 16
VisualStudioVersion = 16.0.810.14
MinimumVisualStudioVersion = 10.0.40219.1
Project("{FAE04EC0-301F-11D3-BF4B-00C04F79EFBC}") = "trek-net-test", "trek-net-test\trek-net-test.csproj", "{99B54C85-C997-4517-869F-B34A1526CD9A}"
EndProject
Global
	GlobalSection(SolutionConfigurationPlatforms) = preSolution
		Debug|Any CPU = Debug|Any CPU
		Release|Any CPU = Release|Any CPU
	EndGlobalSection
	GlobalSection(ProjectConfigurationPlatforms) = postSolution
		{99B54C85-C997-4517-869F-B34A1526CD9A}.Debug|Any CPU.ActiveCfg = Debug|Any CPU
		{99B54C85-C997-4517-869F-B34A1526CD9A}.Debug|Any CPU.Build.0 = Debug|Any CPU
		{99B54C85-C997-4517-869F-B34A1526CD9A}.Release|Any CPU.ActiveCfg = Release|Any CPU
		{99B54C85-C997-4517-869F-B34A1526CD9A}.Release|Any CPU.Build.0 = Release|Any CPU
	EndGlobalSection
	GlobalSection(SolutionProperties) = preSolution
		HideSolutionNode = FALSE
	EndGlobalSection
	GlobalSection(ExtensibilityGlobals) = postSolution
		SolutionGuid = {FF2A33EE-F675-41A9-9AB1-64B931C39063}
	EndGlobalSection
EndGlobal
